[ "cowboy": {:git, "git://github.com/extend/cowboy.git", "0ec713fc4b185c3cd0f6b2e7ec2c5f198361bddd", []},
  "cowlib": {:git, "git://github.com/extend/cowlib.git", "63298e8e160031a70efff86a1acde7e7db1fcda6", [{:ref, "0.4.0"}]},
  "ex_doc": {:git, "git://github.com/elixir-lang/ex_doc.git", "7a9ad350d2b23dfebc375a1be573c2ea710904ff", []},
  "exjson": {:git, "git://github.com/guedes/exjson.git", "809c951b5644f1506fbe664f1c489f15eea94f47", []},
  "exlager": {:git, "git://github.com/khia/exlager.git", "0b840aae773e6eb6de7cdbb703b47031b6608bfb", []},
  "goldrush": {:git, "git://github.com/DeadZen/goldrush.git", "1d883423ac360b3536ca52dc733a0164bacf3109", [{:tag, "0.1.5"}]},
  "hackney": {:git, "git://github.com/benoitc/hackney.git", "12b267d82684da8199325fcd95ad685e7db7abc4", []},
  "hackney_lib": {:git, "https://github.com/benoitc/hackney_lib.git", "eecdb481f1d38bfb194896bffdf9bdcdd967ae96", [{:tag, "0.2.2"}]},
  "ibrowse": {:git, "git://github.com/cmullaparthi/ibrowse.git", "d824491d37449763ac44398f8494731e0c1418c1", []},
  "lager": {:git, "https://github.com/basho/lager.git", "555e437217925244f8f5af75fc0ba44f7053b798", []},
  "mimetypes": {:git, "git://github.com/spawngrid/mimetypes.git", "47d37a977a7d633199822bf6b08353007483d00f", [{:ref, "master"}]},
  "plug": {:git, "git://github.com/elixir-lang/plug.git", "be2a400accefcb2fa1dd23e9466723718dd6acfb", []},
  "ranch": {:git, "git://github.com/extend/ranch.git", "5df1f222f94e08abdcab7084f5e13027143cc222", [{:ref, "0.9.0"}]},
  "relex": {:git, "git://github.com/yrashk/relex.git", "4185e760d07c86ba6cae016d1e846ce39ec191a9", []},
  "weber": {:git, "git://github.com/0xAX/weber.git", "76e6424a50bf61a924c897b4e02aaf19ef7f1164", []},
  "weberContrib": {:git, "git://github.com/0xAX/weber-contrib.git", "22115c3b99868311b9a702e8f657f11727748ed4", []} ]
